// !$*UTF8*$!
{
	archiveVersion = 1;
	classes = {
	};
	objectVersion = 46;
	objects = {

/* Begin PBXBuildFile section */
		1300E3B11EBB589B00714C64 /* TheModel.m in Sources */ = {isa = PBXBuildFile; fileRef = 1300E3B01EBB589B00714C64 /* TheModel.m */; };
		13B4C4761EC496D200F4F254 /* MessageCellController.m in Sources */ = {isa = PBXBuildFile; fileRef = 13B4C4751EC496D200F4F254 /* MessageCellController.m */; };
		13C916E21EB8B5C6009E1CD3 /* CellController.m in Sources */ = {isa = PBXBuildFile; fileRef = 13C916E11EB8B5C6009E1CD3 /* CellController.m */; };
		13CC8CC11EB213B200F7B74A /* main.m in Sources */ = {isa = PBXBuildFile; fileRef = 13CC8CC01EB213B200F7B74A /* main.m */; };
		13CC8CC41EB213B200F7B74A /* AppDelegate.m in Sources */ = {isa = PBXBuildFile; fileRef = 13CC8CC31EB213B200F7B74A /* AppDelegate.m */; };
		13CC8CCA1EB213B200F7B74A /* Main.storyboard in Resources */ = {isa = PBXBuildFile; fileRef = 13CC8CC81EB213B200F7B74A /* Main.storyboard */; };
		13CC8CCC1EB213B200F7B74A /* Assets.xcassets in Resources */ = {isa = PBXBuildFile; fileRef = 13CC8CCB1EB213B200F7B74A /* Assets.xcassets */; };
		13CC8CCF1EB213B200F7B74A /* LaunchScreen.storyboard in Resources */ = {isa = PBXBuildFile; fileRef = 13CC8CCD1EB213B200F7B74A /* LaunchScreen.storyboard */; };
		13CC8CD81EB2174E00F7B74A /* TableOne.m in Sources */ = {isa = PBXBuildFile; fileRef = 13CC8CD71EB2174E00F7B74A /* TableOne.m */; };
		EC6607191EBA1B800098D625 /* MessageViewController.m in Sources */ = {isa = PBXBuildFile; fileRef = EC6607181EBA1B800098D625 /* MessageViewController.m */; };
		EC99C9441EB5DA68007333F6 /* Note.m in Sources */ = {isa = PBXBuildFile; fileRef = EC99C9431EB5DA68007333F6 /* Note.m */; };
/* End PBXBuildFile section */

/* Begin PBXFileReference section */
		1300E3AF1EBB589B00714C64 /* TheModel.h */ = {isa = PBXFileReference; fileEncoding = 4; lastKnownFileType = sourcecode.c.h; path = TheModel.h; sourceTree = "<group>"; };
		1300E3B01EBB589B00714C64 /* TheModel.m */ = {isa = PBXFileReference; fileEncoding = 4; lastKnownFileType = sourcecode.c.objc; path = TheModel.m; sourceTree = "<group>"; };
		13B4C4741EC496D200F4F254 /* MessageCellController.h */ = {isa = PBXFileReference; fileEncoding = 4; lastKnownFileType = sourcecode.c.h; path = MessageCellController.h; sourceTree = "<group>"; };
		13B4C4751EC496D200F4F254 /* MessageCellController.m */ = {isa = PBXFileReference; fileEncoding = 4; lastKnownFileType = sourcecode.c.objc; path = MessageCellController.m; sourceTree = "<group>"; };
		13C916E01EB8B5C6009E1CD3 /* CellController.h */ = {isa = PBXFileReference; fileEncoding = 4; lastKnownFileType = sourcecode.c.h; path = CellController.h; sourceTree = "<group>"; };
		13C916E11EB8B5C6009E1CD3 /* CellController.m */ = {isa = PBXFileReference; fileEncoding = 4; lastKnownFileType = sourcecode.c.objc; path = CellController.m; sourceTree = "<group>"; };
		13CC8CBC1EB213B200F7B74A /* ExchangeTable.app */ = {isa = PBXFileReference; explicitFileType = wrapper.application; includeInIndex = 0; path = ExchangeTable.app; sourceTree = BUILT_PRODUCTS_DIR; };
		13CC8CC01EB213B200F7B74A /* main.m */ = {isa = PBXFileReference; lastKnownFileType = sourcecode.c.objc; path = main.m; sourceTree = "<group>"; };
		13CC8CC21EB213B200F7B74A /* AppDelegate.h */ = {isa = PBXFileReference; lastKnownFileType = sourcecode.c.h; path = AppDelegate.h; sourceTree = "<group>"; };
		13CC8CC31EB213B200F7B74A /* AppDelegate.m */ = {isa = PBXFileReference; lastKnownFileType = sourcecode.c.objc; path = AppDelegate.m; sourceTree = "<group>"; };
		13CC8CC91EB213B200F7B74A /* Base */ = {isa = PBXFileReference; lastKnownFileType = file.storyboard; name = Base; path = Base.lproj/Main.storyboard; sourceTree = "<group>"; };
		13CC8CCB1EB213B200F7B74A /* Assets.xcassets */ = {isa = PBXFileReference; lastKnownFileType = folder.assetcatalog; path = Assets.xcassets; sourceTree = "<group>"; };
		13CC8CCE1EB213B200F7B74A /* Base */ = {isa = PBXFileReference; lastKnownFileType = file.storyboard; name = Base; path = Base.lproj/LaunchScreen.storyboard; sourceTree = "<group>"; };
		13CC8CD01EB213B200F7B74A /* Info.plist */ = {isa = PBXFileReference; lastKnownFileType = text.plist.xml; path = Info.plist; sourceTree = "<group>"; };
		13CC8CD61EB2174E00F7B74A /* TableOne.h */ = {isa = PBXFileReference; fileEncoding = 4; lastKnownFileType = sourcecode.c.h; path = TableOne.h; sourceTree = "<group>"; };
		13CC8CD71EB2174E00F7B74A /* TableOne.m */ = {isa = PBXFileReference; fileEncoding = 4; lastKnownFileType = sourcecode.c.objc; path = TableOne.m; sourceTree = "<group>"; };
		EC6607171EBA1B800098D625 /* MessageViewController.h */ = {isa = PBXFileReference; fileEncoding = 4; lastKnownFileType = sourcecode.c.h; path = MessageViewController.h; sourceTree = "<group>"; };
		EC6607181EBA1B800098D625 /* MessageViewController.m */ = {isa = PBXFileReference; fileEncoding = 4; lastKnownFileType = sourcecode.c.objc; path = MessageViewController.m; sourceTree = "<group>"; };
		EC99C9421EB5DA68007333F6 /* Note.h */ = {isa = PBXFileReference; fileEncoding = 4; lastKnownFileType = sourcecode.c.h; path = Note.h; sourceTree = "<group>"; };
		EC99C9431EB5DA68007333F6 /* Note.m */ = {isa = PBXFileReference; fileEncoding = 4; lastKnownFileType = sourcecode.c.objc; path = Note.m; sourceTree = "<group>"; };
/* End PBXFileReference section */

/* Begin PBXFrameworksBuildPhase section */
		13CC8CB91EB213B200F7B74A /* Frameworks */ = {
			isa = PBXFrameworksBuildPhase;
			buildActionMask = 2147483647;
			files = (
			);
			runOnlyForDeploymentPostprocessing = 0;
		};
/* End PBXFrameworksBuildPhase section */

/* Begin PBXGroup section */
		13CC8CB31EB213B200F7B74A = {
			isa = PBXGroup;
			children = (
				13CC8CBE1EB213B200F7B74A /* ExchangeTable */,
				13CC8CBD1EB213B200F7B74A /* Products */,
				13CC8CBF1EB213B200F7B74A /* Supporting Files */,
			);
			sourceTree = "<group>";
		};
		13CC8CBD1EB213B200F7B74A /* Products */ = {
			isa = PBXGroup;
			children = (
				13CC8CBC1EB213B200F7B74A /* ExchangeTable.app */,
			);
			name = Products;
			sourceTree = "<group>";
		};
		13CC8CBE1EB213B200F7B74A /* ExchangeTable */ = {
			isa = PBXGroup;
			children = (
				13CC8CC21EB213B200F7B74A /* AppDelegate.h */,
				13CC8CC31EB213B200F7B74A /* AppDelegate.m */,
				13CC8CC81EB213B200F7B74A /* Main.storyboard */,
				13CC8CCB1EB213B200F7B74A /* Assets.xcassets */,
				13CC8CCD1EB213B200F7B74A /* LaunchScreen.storyboard */,
				13CC8CD01EB213B200F7B74A /* Info.plist */,
				13CC8CD61EB2174E00F7B74A /* TableOne.h */,
				13CC8CD71EB2174E00F7B74A /* TableOne.m */,
				13C916E01EB8B5C6009E1CD3 /* CellController.h */,
				13C916E11EB8B5C6009E1CD3 /* CellController.m */,
				EC6607171EBA1B800098D625 /* MessageViewController.h */,
				EC6607181EBA1B800098D625 /* MessageViewController.m */,
				13B4C4741EC496D200F4F254 /* MessageCellController.h */,
				13B4C4751EC496D200F4F254 /* MessageCellController.m */,
				EC99C9421EB5DA68007333F6 /* Note.h */,
				EC99C9431EB5DA68007333F6 /* Note.m */,
				1300E3AF1EBB589B00714C64 /* TheModel.h */,
				1300E3B01EBB589B00714C64 /* TheModel.m */,
			);
			path = ExchangeTable;
			sourceTree = "<group>";
		};
		13CC8CBF1EB213B200F7B74A /* Supporting Files */ = {
			isa = PBXGroup;
			children = (
				13CC8CC01EB213B200F7B74A /* main.m */,
			);
			name = "Supporting Files";
			path = ExchangeTable;
			sourceTree = "<group>";
		};
/* End PBXGroup section */

/* Begin PBXNativeTarget section */
		13CC8CBB1EB213B200F7B74A /* ExchangeTable */ = {
			isa = PBXNativeTarget;
			buildConfigurationList = 13CC8CD31EB213B200F7B74A /* Build configuration list for PBXNativeTarget "ExchangeTable" */;
			buildPhases = (
				13CC8CB81EB213B200F7B74A /* Sources */,
				13CC8CB91EB213B200F7B74A /* Frameworks */,
				13CC8CBA1EB213B200F7B74A /* Resources */,
			);
			buildRules = (
			);
			dependencies = (
			);
			name = ExchangeTable;
			productName = ExchangeTable;
			productReference = 13CC8CBC1EB213B200F7B74A /* ExchangeTable.app */;
			productType = "com.apple.product-type.application";
		};
/* End PBXNativeTarget section */

/* Begin PBXProject section */
		13CC8CB41EB213B200F7B74A /* Project object */ = {
			isa = PBXProject;
			attributes = {
				LastUpgradeCheck = 0820;
				ORGANIZATIONNAME = wuyilong;
				TargetAttributes = {
					13CC8CBB1EB213B200F7B74A = {
						CreatedOnToolsVersion = 8.2.1;
						ProvisioningStyle = Automatic;
					};
				};
			};
			buildConfigurationList = 13CC8CB71EB213B200F7B74A /* Build configuration list for PBXProject "ExchangeTable" */;
			compatibilityVersion = "Xcode 3.2";
			developmentRegion = English;
			hasScannedForEncodings = 0;
			knownRegions = (
				en,
				Base,
			);
			mainGroup = 13CC8CB31EB213B200F7B74A;
			productRefGroup = 13CC8CBD1EB213B200F7B74A /* Products */;
			projectDirPath = "";
			projectRoot = "";
			targets = (
				13CC8CBB1EB213B200F7B74A /* ExchangeTable */,
			);
		};
/* End PBXProject section */

/* Begin PBXResourcesBuildPhase section */
		13CC8CBA1EB213B200F7B74A /* Resources */ = {
			isa = PBXResourcesBuildPhase;
			buildActionMask = 2147483647;
			files = (
				13CC8CCF1EB213B200F7B74A /* LaunchScreen.storyboard in Resources */,
				13CC8CCC1EB213B200F7B74A /* Assets.xcassets in Resources */,
				13CC8CCA1EB213B200F7B74A /* Main.storyboard in Resources */,
			);
			runOnlyForDeploymentPostprocessing = 0;
		};
/* End PBXResourcesBuildPhase section */

/* Begin PBXSourcesBuildPhase section */
		13CC8CB81EB213B200F7B74A /* Sources */ = {
			isa = PBXSourcesBuildPhase;
			buildActionMask = 2147483647;
			files = (
				13C916E21EB8B5C6009E1CD3 /* CellController.m in Sources */,
				13CC8CC41EB213B200F7B74A /* AppDelegate.m in Sources */,
				EC99C9441EB5DA68007333F6 /* Note.m in Sources */,
				13CC8CC11EB213B200F7B74A /* main.m in Sources */,
				13CC8CD81EB2174E00F7B74A /* TableOne.m in Sources */,
				EC6607191EBA1B800098D625 /* MessageViewController.m in Sources */,
				1300E3B11EBB589B00714C64 /* TheModel.m in Sources */,
				13B4C4761EC496D200F4F254 /* MessageCellController.m in Sources */,
			);
			runOnlyForDeploymentPostprocessing = 0;
		};
/* End PBXSourcesBuildPhase section */

/* Begin PBXVariantGroup section */
		13CC8CC81EB213B200F7B74A /* Main.storyboard */ = {
			isa = PBXVariantGroup;
			children = (
				13CC8CC91EB213B200F7B74A /* Base */,
			);
			name = Main.storyboard;
			sourceTree = "<group>";
		};
		13CC8CCD1EB213B200F7B74A /* LaunchScreen.storyboard */ = {
			isa = PBXVariantGroup;
			children = (
				13CC8CCE1EB213B200F7B74A /* Base */,
			);
			name = LaunchScreen.storyboard;
			sourceTree = "<group>";
		};
/* End PBXVariantGroup section */

/* Begin XCBuildConfiguration section */
		13CC8CD11EB213B200F7B74A /* Debug */ = {
			isa = XCBuildConfiguration;
			buildSettings = {
				ALWAYS_SEARCH_USER_PATHS = NO;
				CLANG_ANALYZER_NONNULL = YES;
				CLANG_CXX_LANGUAGE_STANDARD = "gnu++0x";
				CLANG_CXX_LIBRARY = "libc++";
				CLANG_ENABLE_MODULES = YES;
				CLANG_ENABLE_OBJC_ARC = YES;
				CLANG_WARN_BOOL_CONVERSION = YES;
				CLANG_WARN_CONSTANT_CONVERSION = YES;
				CLANG_WARN_DIRECT_OBJC_ISA_USAGE = YES_ERROR;
				CLANG_WARN_DOCUMENTATION_COMMENTS = YES;
				CLANG_WARN_EMPTY_BODY = YES;
				CLANG_WARN_ENUM_CONVERSION = YES;
				CLANG_WARN_INFINITE_RECURSION = YES;
				CLANG_WARN_INT_CONVERSION = YES;
				CLANG_WARN_OBJC_ROOT_CLASS = YES_ERROR;
				CLANG_WARN_SUSPICIOUS_MOVE = YES;
				CLANG_WARN_UNREACHABLE_CODE = YES;
				CLANG_WARN__DUPLICATE_METHOD_MATCH = YES;
				"CODE_SIGN_IDENTITY[sdk=iphoneos*]" = "iPhone Developer";
				COPY_PHASE_STRIP = NO;
				DEBUG_INFORMATION_FORMAT = dwarf;
				ENABLE_STRICT_OBJC_MSGSEND = YES;
				ENABLE_TESTABILITY = YES;
				GCC_C_LANGUAGE_STANDARD = gnu99;
				GCC_DYNAMIC_NO_PIC = NO;
				GCC_NO_COMMON_BLOCKS = YES;
				GCC_OPTIMIZATION_LEVEL = 0;
				GCC_PREPROCESSOR_DEFINITIONS = (
					"DEBUG=1",
					"$(inherited)",
				);
				GCC_WARN_64_TO_32_BIT_CONVERSION = YES;
				GCC_WARN_ABOUT_RETURN_TYPE = YES_ERROR;
				GCC_WARN_UNDECLARED_SELECTOR = YES;
				GCC_WARN_UNINITIALIZED_AUTOS = YES_AGGRESSIVE;
				GCC_WARN_UNUSED_FUNCTION = YES;
				GCC_WARN_UNUSED_VARIABLE = YES;
				IPHONEOS_DEPLOYMENT_TARGET = 10.2;
				MTL_ENABLE_DEBUG_INFO = YES;
				ONLY_ACTIVE_ARCH = YES;
				SDKROOT = iphoneos;
				TARGETED_DEVICE_FAMILY = "1,2";
			};
			name = Debug;
		};
		13CC8CD21EB213B200F7B74A /* Release */ = {
			isa = XCBuildConfiguration;
			buildSettings = {
				ALWAYS_SEARCH_USER_PATHS = NO;
				CLANG_ANALYZER_NONNULL = YES;
				CLANG_CXX_LANGUAGE_STANDARD = "gnu++0x";
				CLANG_CXX_LIBRARY = "libc++";
				CLANG_ENABLE_MODULES = YES;
				CLANG_ENABLE_OBJC_ARC = YES;
				CLANG_WARN_BOOL_CONVERSION = YES;
				CLANG_WARN_CONSTANT_CONVERSION = YES;
				CLANG_WARN_DIRECT_OBJC_ISA_USAGE = YES_ERROR;
				CLANG_WARN_DOCUMENTATION_COMMENTS = YES;
				CLANG_WARN_EMPTY_BODY = YES;
				CLANG_WARN_ENUM_CONVERSION = YES;
				CLANG_WARN_INFINITE_RECURSION = YES;
				CLANG_WARN_INT_CONVERSION = YES;
				CLANG_WARN_OBJC_ROOT_CLASS = YES_ERROR;
				CLANG_WARN_SUSPICIOUS_MOVE = YES;
				CLANG_WARN_UNREACHABLE_CODE = YES;
				CLANG_WARN__DUPLICATE_METHOD_MATCH = YES;
				"CODE_SIGN_IDENTITY[sdk=iphoneos*]" = "iPhone Developer";
				COPY_PHASE_STRIP = NO;
				DEBUG_INFORMATION_FORMAT = "dwarf-with-dsym";
				ENABLE_NS_ASSERTIONS = NO;
				ENABLE_STRICT_OBJC_MSGSEND = YES;
				GCC_C_LANGUAGE_STANDARD = gnu99;
				GCC_NO_COMMON_BLOCKS = YES;
				GCC_WARN_64_TO_32_BIT_CONVERSION = YES;
				GCC_WARN_ABOUT_RETURN_TYPE = YES_ERROR;
				GCC_WARN_UNDECLARED_SELECTOR = YES;
				GCC_WARN_UNINITIALIZED_AUTOS = YES_AGGRESSIVE;
				GCC_WARN_UNUSED_FUNCTION = YES;
				GCC_WARN_UNUSED_VARIABLE = YES;
				IPHONEOS_DEPLOYMENT_TARGET = 10.2;
				MTL_ENABLE_DEBUG_INFO = NO;
				SDKROOT = iphoneos;
				TARGETED_DEVICE_FAMILY = "1,2";
				VALIDATE_PRODUCT = YES;
			};
			name = Release;
		};
		13CC8CD41EB213B200F7B74A /* Debug */ = {
			isa = XCBuildConfiguration;
			buildSettings = {
				ASSETCATALOG_COMPILER_APPICON_NAME = AppIcon;
				INFOPLIST_FILE = ExchangeTable/Info.plist;
				IPHONEOS_DEPLOYMENT_TARGET = 10.2;
				LD_RUNPATH_SEARCH_PATHS = "$(inherited) @executable_path/Frameworks";
				PRODUCT_BUNDLE_IDENTIFIER = com.www.ExchangeTable;
				PRODUCT_NAME = "$(TARGET_NAME)";
			};
			name = Debug;
		};
		13CC8CD51EB213B200F7B74A /* Release */ = {
			isa = XCBuildConfiguration;
			buildSettings = {
				ASSETCATALOG_COMPILER_APPICON_NAME = AppIcon;
				INFOPLIST_FILE = ExchangeTable/Info.plist;
				IPHONEOS_DEPLOYMENT_TARGET = 10.2;
				LD_RUNPATH_SEARCH_PATHS = "$(inherited) @executable_path/Frameworks";
				PRODUCT_BUNDLE_IDENTIFIER = com.www.ExchangeTable;
				PRODUCT_NAME = "$(TARGET_NAME)";
			};
			name = Release;
		};
/* End XCBuildConfiguration section */

/* Begin XCConfigurationList section */
		13CC8CB71EB213B200F7B74A /* Build configuration list for PBXProject "ExchangeTable" */ = {
			isa = XCConfigurationList;
			buildConfigurations = (
				13CC8CD11EB213B200F7B74A /* Debug */,
				13CC8CD21EB213B200F7B74A /* Release */,
			);
			defaultConfigurationIsVisible = 0;
			defaultConfigurationName = Release;
		};
		13CC8CD31EB213B200F7B74A /* Build configuration list for PBXNativeTarget "ExchangeTable" */ = {
			isa = XCConfigurationList;
			buildConfigurations = (
				13CC8CD41EB213B200F7B74A /* Debug */,
				13CC8CD51EB213B200F7B74A /* Release */,
			);
			defaultConfigurationIsVisible = 0;
			defaultConfigurationName = Release;
		};
/* End XCConfigurationList section */
	};
	rootObject = 13CC8CB41EB213B200F7B74A /* Project object */;
}
