// !$*UTF8*$!
{
	archiveVersion = 1;
	classes = {
	};
	objectVersion = 46;
	objects = {

/* Begin PBXBuildFile section */
		1300E3B11EBB589B00714C64 /* TheModel.m in Sources */ = {isa = PBXBuildFile; fileRef = 1300E3B01EBB589B00714C64 /* TheModel.m */; };
		1301A2801EC5959C0031A251 /* UploadTable.m in Sources */ = {isa = PBXBuildFile; fileRef = 1301A27F1EC5959C0031A251 /* UploadTable.m */; };
		1315DBFB1ECD4E53006F004A /* Main.storyboard in Resources */ = {isa = PBXBuildFile; fileRef = 1315DBFA1ECD4E53006F004A /* Main.storyboard */; };
		1341025D1EEA88BB007C82A1 /* wood.png in Resources */ = {isa = PBXBuildFile; fileRef = 1341025C1EEA88BB007C82A1 /* wood.png */; };
		1341025F1EEA9427007C82A1 /* wood2.png in Resources */ = {isa = PBXBuildFile; fileRef = 1341025E1EEA9427007C82A1 /* wood2.png */; };
		137BDBD31EE647150069BB7A /* AllList.png in Resources */ = {isa = PBXBuildFile; fileRef = 137BDBD21EE647150069BB7A /* AllList.png */; };
		137BDBD51EE649400069BB7A /* MyList.png in Resources */ = {isa = PBXBuildFile; fileRef = 137BDBD41EE649400069BB7A /* MyList.png */; };
		137BDBD71EE6563F0069BB7A /* images.jpeg in Resources */ = {isa = PBXBuildFile; fileRef = 137BDBD61EE6563F0069BB7A /* images.jpeg */; };
		137BDBDC1EE6AA680069BB7A /* DeleteModel.m in Sources */ = {isa = PBXBuildFile; fileRef = 137BDBDB1EE6AA680069BB7A /* DeleteModel.m */; };
		137DAEC51EEE70720074FB9F /* blackboard.png in Resources */ = {isa = PBXBuildFile; fileRef = 137DAEC41EEE70720074FB9F /* blackboard.png */; };
		13B4C4761EC496D200F4F254 /* MessageCellController.m in Sources */ = {isa = PBXBuildFile; fileRef = 13B4C4751EC496D200F4F254 /* MessageCellController.m */; };
		13C916E21EB8B5C6009E1CD3 /* CellController.m in Sources */ = {isa = PBXBuildFile; fileRef = 13C916E11EB8B5C6009E1CD3 /* CellController.m */; };
		13CC8CC11EB213B200F7B74A /* main.m in Sources */ = {isa = PBXBuildFile; fileRef = 13CC8CC01EB213B200F7B74A /* main.m */; };
		13CC8CC41EB213B200F7B74A /* AppDelegate.m in Sources */ = {isa = PBXBuildFile; fileRef = 13CC8CC31EB213B200F7B74A /* AppDelegate.m */; };
		13CC8CCC1EB213B200F7B74A /* Assets.xcassets in Resources */ = {isa = PBXBuildFile; fileRef = 13CC8CCB1EB213B200F7B74A /* Assets.xcassets */; };
		13CC8CCF1EB213B200F7B74A /* LaunchScreen.storyboard in Resources */ = {isa = PBXBuildFile; fileRef = 13CC8CCD1EB213B200F7B74A /* LaunchScreen.storyboard */; };
		13CC8CD81EB2174E00F7B74A /* TableOne.m in Sources */ = {isa = PBXBuildFile; fileRef = 13CC8CD71EB2174E00F7B74A /* TableOne.m */; };
		13E4F9A91ED45CF0007F2125 /* HistoryList.m in Sources */ = {isa = PBXBuildFile; fileRef = 13E4F9A81ED45CF0007F2125 /* HistoryList.m */; };
		13E4F9AC1ED46032007F2125 /* HistoryListCellController.m in Sources */ = {isa = PBXBuildFile; fileRef = 13E4F9AB1ED46032007F2125 /* HistoryListCellController.m */; };
		13E813B51EE15EBF0045DAF5 /* CatchTheModel.m in Sources */ = {isa = PBXBuildFile; fileRef = 13E813B41EE15EBF0045DAF5 /* CatchTheModel.m */; };
		13E979F71EEE4474007B1754 /* libSVProgressHUD.a in Frameworks */ = {isa = PBXBuildFile; fileRef = 13E979F61EEE4474007B1754 /* libSVProgressHUD.a */; };
		13EA7B251EE0400D00781CDF /* Bolts.framework in Frameworks */ = {isa = PBXBuildFile; fileRef = 13EA7B221EE0400D00781CDF /* Bolts.framework */; };
		13EA7B261EE0400D00781CDF /* FBSDKCoreKit.framework in Frameworks */ = {isa = PBXBuildFile; fileRef = 13EA7B231EE0400D00781CDF /* FBSDKCoreKit.framework */; };
		13EA7B271EE0400D00781CDF /* FBSDKLoginKit.framework in Frameworks */ = {isa = PBXBuildFile; fileRef = 13EA7B241EE0400D00781CDF /* FBSDKLoginKit.framework */; };
		A74A2A3A957843BC9CBA777C /* libPods-ExchangeTable.a in Frameworks */ = {isa = PBXBuildFile; fileRef = CCC529AA99EE3AE9B162FE77 /* libPods-ExchangeTable.a */; };
		EC6607191EBA1B800098D625 /* MessageViewController.m in Sources */ = {isa = PBXBuildFile; fileRef = EC6607181EBA1B800098D625 /* MessageViewController.m */; };
		EC99C9441EB5DA68007333F6 /* Note.m in Sources */ = {isa = PBXBuildFile; fileRef = EC99C9431EB5DA68007333F6 /* Note.m */; };
/* End PBXBuildFile section */

/* Begin PBXFileReference section */
		1300E3AF1EBB589B00714C64 /* TheModel.h */ = {isa = PBXFileReference; fileEncoding = 4; lastKnownFileType = sourcecode.c.h; path = TheModel.h; sourceTree = "<group>"; };
		1300E3B01EBB589B00714C64 /* TheModel.m */ = {isa = PBXFileReference; fileEncoding = 4; lastKnownFileType = sourcecode.c.objc; path = TheModel.m; sourceTree = "<group>"; };
		1301A27E1EC5959C0031A251 /* UploadTable.h */ = {isa = PBXFileReference; fileEncoding = 4; lastKnownFileType = sourcecode.c.h; path = UploadTable.h; sourceTree = "<group>"; };
		1301A27F1EC5959C0031A251 /* UploadTable.m */ = {isa = PBXFileReference; fileEncoding = 4; lastKnownFileType = sourcecode.c.objc; path = UploadTable.m; sourceTree = "<group>"; };
		1315DBFA1ECD4E53006F004A /* Main.storyboard */ = {isa = PBXFileReference; fileEncoding = 4; lastKnownFileType = file.storyboard; path = Main.storyboard; sourceTree = "<group>"; };
		1341025C1EEA88BB007C82A1 /* wood.png */ = {isa = PBXFileReference; lastKnownFileType = image.png; path = wood.png; sourceTree = "<group>"; };
		1341025E1EEA9427007C82A1 /* wood2.png */ = {isa = PBXFileReference; lastKnownFileType = image.png; path = wood2.png; sourceTree = "<group>"; };
		137BDBD21EE647150069BB7A /* AllList.png */ = {isa = PBXFileReference; lastKnownFileType = image.png; path = AllList.png; sourceTree = "<group>"; };
		137BDBD41EE649400069BB7A /* MyList.png */ = {isa = PBXFileReference; lastKnownFileType = image.png; path = MyList.png; sourceTree = "<group>"; };
		137BDBD61EE6563F0069BB7A /* images.jpeg */ = {isa = PBXFileReference; lastKnownFileType = image.jpeg; path = images.jpeg; sourceTree = "<group>"; };
		137BDBDA1EE6AA680069BB7A /* DeleteModel.h */ = {isa = PBXFileReference; fileEncoding = 4; lastKnownFileType = sourcecode.c.h; path = DeleteModel.h; sourceTree = "<group>"; };
		137BDBDB1EE6AA680069BB7A /* DeleteModel.m */ = {isa = PBXFileReference; fileEncoding = 4; lastKnownFileType = sourcecode.c.objc; path = DeleteModel.m; sourceTree = "<group>"; };
		137DAEC41EEE70720074FB9F /* blackboard.png */ = {isa = PBXFileReference; lastKnownFileType = image.png; path = blackboard.png; sourceTree = "<group>"; };
		13B4C4741EC496D200F4F254 /* MessageCellController.h */ = {isa = PBXFileReference; fileEncoding = 4; lastKnownFileType = sourcecode.c.h; path = MessageCellController.h; sourceTree = "<group>"; };
		13B4C4751EC496D200F4F254 /* MessageCellController.m */ = {isa = PBXFileReference; fileEncoding = 4; lastKnownFileType = sourcecode.c.objc; path = MessageCellController.m; sourceTree = "<group>"; };
		13C916E01EB8B5C6009E1CD3 /* CellController.h */ = {isa = PBXFileReference; fileEncoding = 4; lastKnownFileType = sourcecode.c.h; path = CellController.h; sourceTree = "<group>"; };
		13C916E11EB8B5C6009E1CD3 /* CellController.m */ = {isa = PBXFileReference; fileEncoding = 4; lastKnownFileType = sourcecode.c.objc; path = CellController.m; sourceTree = "<group>"; };
		13CC8CBC1EB213B200F7B74A /* ExchangeTable.app */ = {isa = PBXFileReference; explicitFileType = wrapper.application; includeInIndex = 0; path = ExchangeTable.app; sourceTree = BUILT_PRODUCTS_DIR; };
		13CC8CC01EB213B200F7B74A /* main.m */ = {isa = PBXFileReference; lastKnownFileType = sourcecode.c.objc; path = main.m; sourceTree = "<group>"; };
		13CC8CC21EB213B200F7B74A /* AppDelegate.h */ = {isa = PBXFileReference; lastKnownFileType = sourcecode.c.h; path = AppDelegate.h; sourceTree = "<group>"; };
		13CC8CC31EB213B200F7B74A /* AppDelegate.m */ = {isa = PBXFileReference; lastKnownFileType = sourcecode.c.objc; path = AppDelegate.m; sourceTree = "<group>"; };
		13CC8CCB1EB213B200F7B74A /* Assets.xcassets */ = {isa = PBXFileReference; lastKnownFileType = folder.assetcatalog; path = Assets.xcassets; sourceTree = "<group>"; };
		13CC8CCE1EB213B200F7B74A /* Base */ = {isa = PBXFileReference; lastKnownFileType = file.storyboard; name = Base; path = Base.lproj/LaunchScreen.storyboard; sourceTree = "<group>"; };
		13CC8CD01EB213B200F7B74A /* Info.plist */ = {isa = PBXFileReference; lastKnownFileType = text.plist.xml; path = Info.plist; sourceTree = "<group>"; };
		13CC8CD61EB2174E00F7B74A /* TableOne.h */ = {isa = PBXFileReference; fileEncoding = 4; lastKnownFileType = sourcecode.c.h; path = TableOne.h; sourceTree = "<group>"; };
		13CC8CD71EB2174E00F7B74A /* TableOne.m */ = {isa = PBXFileReference; fileEncoding = 4; lastKnownFileType = sourcecode.c.objc; path = TableOne.m; sourceTree = "<group>"; };
		13E4F9A71ED45CF0007F2125 /* HistoryList.h */ = {isa = PBXFileReference; fileEncoding = 4; lastKnownFileType = sourcecode.c.h; path = HistoryList.h; sourceTree = "<group>"; };
		13E4F9A81ED45CF0007F2125 /* HistoryList.m */ = {isa = PBXFileReference; fileEncoding = 4; lastKnownFileType = sourcecode.c.objc; path = HistoryList.m; sourceTree = "<group>"; };
		13E4F9AA1ED46032007F2125 /* HistoryListCellController.h */ = {isa = PBXFileReference; fileEncoding = 4; lastKnownFileType = sourcecode.c.h; path = HistoryListCellController.h; sourceTree = "<group>"; };
		13E4F9AB1ED46032007F2125 /* HistoryListCellController.m */ = {isa = PBXFileReference; fileEncoding = 4; lastKnownFileType = sourcecode.c.objc; path = HistoryListCellController.m; sourceTree = "<group>"; };
		13E813B31EE15EBF0045DAF5 /* CatchTheModel.h */ = {isa = PBXFileReference; fileEncoding = 4; lastKnownFileType = sourcecode.c.h; path = CatchTheModel.h; sourceTree = "<group>"; };
		13E813B41EE15EBF0045DAF5 /* CatchTheModel.m */ = {isa = PBXFileReference; fileEncoding = 4; lastKnownFileType = sourcecode.c.objc; path = CatchTheModel.m; sourceTree = "<group>"; };
		13E979F61EEE4474007B1754 /* libSVProgressHUD.a */ = {isa = PBXFileReference; lastKnownFileType = archive.ar; name = libSVProgressHUD.a; path = "../../../Library/Developer/Xcode/DerivedData/ExchangeTable-cukonxxffrmkrfaisyiyyaxvwfns/Build/Products/Debug-iphonesimulator/SVProgressHUD/libSVProgressHUD.a"; sourceTree = "<group>"; };
		13EA7B221EE0400D00781CDF /* Bolts.framework */ = {isa = PBXFileReference; lastKnownFileType = wrapper.framework; path = Bolts.framework; sourceTree = "<group>"; };
		13EA7B231EE0400D00781CDF /* FBSDKCoreKit.framework */ = {isa = PBXFileReference; lastKnownFileType = wrapper.framework; path = FBSDKCoreKit.framework; sourceTree = "<group>"; };
		13EA7B241EE0400D00781CDF /* FBSDKLoginKit.framework */ = {isa = PBXFileReference; lastKnownFileType = wrapper.framework; path = FBSDKLoginKit.framework; sourceTree = "<group>"; };
		B0232556F6289BBDFD81FAF0 /* Pods-ExchangeTable.debug.xcconfig */ = {isa = PBXFileReference; includeInIndex = 1; lastKnownFileType = text.xcconfig; name = "Pods-ExchangeTable.debug.xcconfig"; path = "Pods/Target Support Files/Pods-ExchangeTable/Pods-ExchangeTable.debug.xcconfig"; sourceTree = "<group>"; };
		CCC529AA99EE3AE9B162FE77 /* libPods-ExchangeTable.a */ = {isa = PBXFileReference; explicitFileType = archive.ar; includeInIndex = 0; path = "libPods-ExchangeTable.a"; sourceTree = BUILT_PRODUCTS_DIR; };
		D4075FF0B4827009C67E655B /* Pods-ExchangeTable.release.xcconfig */ = {isa = PBXFileReference; includeInIndex = 1; lastKnownFileType = text.xcconfig; name = "Pods-ExchangeTable.release.xcconfig"; path = "Pods/Target Support Files/Pods-ExchangeTable/Pods-ExchangeTable.release.xcconfig"; sourceTree = "<group>"; };
		EC6607171EBA1B800098D625 /* MessageViewController.h */ = {isa = PBXFileReference; fileEncoding = 4; lastKnownFileType = sourcecode.c.h; path = MessageViewController.h; sourceTree = "<group>"; };
		EC6607181EBA1B800098D625 /* MessageViewController.m */ = {isa = PBXFileReference; fileEncoding = 4; lastKnownFileType = sourcecode.c.objc; path = MessageViewController.m; sourceTree = "<group>"; };
		EC99C9421EB5DA68007333F6 /* Note.h */ = {isa = PBXFileReference; fileEncoding = 4; lastKnownFileType = sourcecode.c.h; path = Note.h; sourceTree = "<group>"; };
		EC99C9431EB5DA68007333F6 /* Note.m */ = {isa = PBXFileReference; fileEncoding = 4; lastKnownFileType = sourcecode.c.objc; path = Note.m; sourceTree = "<group>"; };
/* End PBXFileReference section */

/* Begin PBXFrameworksBuildPhase section */
		13CC8CB91EB213B200F7B74A /* Frameworks */ = {
			isa = PBXFrameworksBuildPhase;
			buildActionMask = 2147483647;
			files = (
				13E979F71EEE4474007B1754 /* libSVProgressHUD.a in Frameworks */,
				13EA7B251EE0400D00781CDF /* Bolts.framework in Frameworks */,
				13EA7B261EE0400D00781CDF /* FBSDKCoreKit.framework in Frameworks */,
				13EA7B271EE0400D00781CDF /* FBSDKLoginKit.framework in Frameworks */,
				A74A2A3A957843BC9CBA777C /* libPods-ExchangeTable.a in Frameworks */,
			);
			runOnlyForDeploymentPostprocessing = 0;
		};
/* End PBXFrameworksBuildPhase section */

/* Begin PBXGroup section */
		13CC8CB31EB213B200F7B74A = {
			isa = PBXGroup;
			children = (
				13CC8CBE1EB213B200F7B74A /* ExchangeTable */,
				13CC8CBD1EB213B200F7B74A /* Products */,
				13CC8CBF1EB213B200F7B74A /* Supporting Files */,
				27368AFC657D0168F3FEEE6A /* Pods */,
				6F23FF53676560893CA1950F /* Frameworks */,
			);
			sourceTree = "<group>";
		};
		13CC8CBD1EB213B200F7B74A /* Products */ = {
			isa = PBXGroup;
			children = (
				13CC8CBC1EB213B200F7B74A /* ExchangeTable.app */,
			);
			name = Products;
			sourceTree = "<group>";
		};
		13CC8CBE1EB213B200F7B74A /* ExchangeTable */ = {
			isa = PBXGroup;
			children = (
				137BDBD21EE647150069BB7A /* AllList.png */,
				137BDBD61EE6563F0069BB7A /* images.jpeg */,
				1341025C1EEA88BB007C82A1 /* wood.png */,
				137DAEC41EEE70720074FB9F /* blackboard.png */,
				1341025E1EEA9427007C82A1 /* wood2.png */,
				137BDBD41EE649400069BB7A /* MyList.png */,
				13EA7B1B1EE01C8A00781CDF /* framework */,
				13CC8CC21EB213B200F7B74A /* AppDelegate.h */,
				13CC8CC31EB213B200F7B74A /* AppDelegate.m */,
				1315DBFA1ECD4E53006F004A /* Main.storyboard */,
				13CC8CCB1EB213B200F7B74A /* Assets.xcassets */,
				13CC8CCD1EB213B200F7B74A /* LaunchScreen.storyboard */,
				13CC8CD01EB213B200F7B74A /* Info.plist */,
				13CC8CD61EB2174E00F7B74A /* TableOne.h */,
				13CC8CD71EB2174E00F7B74A /* TableOne.m */,
				13C916E01EB8B5C6009E1CD3 /* CellController.h */,
				13C916E11EB8B5C6009E1CD3 /* CellController.m */,
				EC6607171EBA1B800098D625 /* MessageViewController.h */,
				EC6607181EBA1B800098D625 /* MessageViewController.m */,
				13B4C4741EC496D200F4F254 /* MessageCellController.h */,
				13B4C4751EC496D200F4F254 /* MessageCellController.m */,
				EC99C9421EB5DA68007333F6 /* Note.h */,
				EC99C9431EB5DA68007333F6 /* Note.m */,
				13E4F9A71ED45CF0007F2125 /* HistoryList.h */,
				13E4F9A81ED45CF0007F2125 /* HistoryList.m */,
				13E4F9AA1ED46032007F2125 /* HistoryListCellController.h */,
				13E4F9AB1ED46032007F2125 /* HistoryListCellController.m */,
				1301A27E1EC5959C0031A251 /* UploadTable.h */,
				1301A27F1EC5959C0031A251 /* UploadTable.m */,
				1300E3AF1EBB589B00714C64 /* TheModel.h */,
				1300E3B01EBB589B00714C64 /* TheModel.m */,
				13E813B31EE15EBF0045DAF5 /* CatchTheModel.h */,
				13E813B41EE15EBF0045DAF5 /* CatchTheModel.m */,
				137BDBDA1EE6AA680069BB7A /* DeleteModel.h */,
				137BDBDB1EE6AA680069BB7A /* DeleteModel.m */,
			);
			path = ExchangeTable;
			sourceTree = "<group>";
		};
		13CC8CBF1EB213B200F7B74A /* Supporting Files */ = {
			isa = PBXGroup;
			children = (
				13CC8CC01EB213B200F7B74A /* main.m */,
			);
			name = "Supporting Files";
			path = ExchangeTable;
			sourceTree = "<group>";
		};
		13EA7B1B1EE01C8A00781CDF /* framework */ = {
			isa = PBXGroup;
			children = (
				13EA7B221EE0400D00781CDF /* Bolts.framework */,
				13EA7B231EE0400D00781CDF /* FBSDKCoreKit.framework */,
				13EA7B241EE0400D00781CDF /* FBSDKLoginKit.framework */,
			);
			path = framework;
			sourceTree = "<group>";
		};
		27368AFC657D0168F3FEEE6A /* Pods */ = {
			isa = PBXGroup;
			children = (
				B0232556F6289BBDFD81FAF0 /* Pods-ExchangeTable.debug.xcconfig */,
				D4075FF0B4827009C67E655B /* Pods-ExchangeTable.release.xcconfig */,
			);
			name = Pods;
			sourceTree = "<group>";
		};
		6F23FF53676560893CA1950F /* Frameworks */ = {
			isa = PBXGroup;
			children = (
				13E979F61EEE4474007B1754 /* libSVProgressHUD.a */,
				CCC529AA99EE3AE9B162FE77 /* libPods-ExchangeTable.a */,
			);
			name = Frameworks;
			sourceTree = "<group>";
		};
/* End PBXGroup section */

/* Begin PBXNativeTarget section */
		13CC8CBB1EB213B200F7B74A /* ExchangeTable */ = {
			isa = PBXNativeTarget;
			buildConfigurationList = 13CC8CD31EB213B200F7B74A /* Build configuration list for PBXNativeTarget "ExchangeTable" */;
			buildPhases = (
				C337B0BBBA97B3F1D7081AFA /* [CP] Check Pods Manifest.lock */,
				13CC8CB81EB213B200F7B74A /* Sources */,
				13CC8CB91EB213B200F7B74A /* Frameworks */,
				13CC8CBA1EB213B200F7B74A /* Resources */,
				995C12D42A73769F09E4C513 /* [CP] Embed Pods Frameworks */,
				5E5FE4DDE3EED5D62D1CDE4D /* [CP] Copy Pods Resources */,
			);
			buildRules = (
			);
			dependencies = (
			);
			name = ExchangeTable;
			productName = ExchangeTable;
			productReference = 13CC8CBC1EB213B200F7B74A /* ExchangeTable.app */;
			productType = "com.apple.product-type.application";
		};
/* End PBXNativeTarget section */

/* Begin PBXProject section */
		13CC8CB41EB213B200F7B74A /* Project object */ = {
			isa = PBXProject;
			attributes = {
				LastUpgradeCheck = 0820;
				ORGANIZATIONNAME = wuyilong;
				TargetAttributes = {
					13CC8CBB1EB213B200F7B74A = {
						CreatedOnToolsVersion = 8.2.1;
						DevelopmentTeam = 2QP22QTHNQ;
						ProvisioningStyle = Automatic;
					};
				};
			};
			buildConfigurationList = 13CC8CB71EB213B200F7B74A /* Build configuration list for PBXProject "ExchangeTable" */;
			compatibilityVersion = "Xcode 3.2";
			developmentRegion = English;
			hasScannedForEncodings = 0;
			knownRegions = (
				en,
				Base,
			);
			mainGroup = 13CC8CB31EB213B200F7B74A;
			productRefGroup = 13CC8CBD1EB213B200F7B74A /* Products */;
			projectDirPath = "";
			projectRoot = "";
			targets = (
				13CC8CBB1EB213B200F7B74A /* ExchangeTable */,
			);
		};
/* End PBXProject section */

/* Begin PBXResourcesBuildPhase section */
		13CC8CBA1EB213B200F7B74A /* Resources */ = {
			isa = PBXResourcesBuildPhase;
			buildActionMask = 2147483647;
			files = (
				1315DBFB1ECD4E53006F004A /* Main.storyboard in Resources */,
				13CC8CCF1EB213B200F7B74A /* LaunchScreen.storyboard in Resources */,
				137BDBD51EE649400069BB7A /* MyList.png in Resources */,
				137BDBD31EE647150069BB7A /* AllList.png in Resources */,
				137DAEC51EEE70720074FB9F /* blackboard.png in Resources */,
				1341025F1EEA9427007C82A1 /* wood2.png in Resources */,
				1341025D1EEA88BB007C82A1 /* wood.png in Resources */,
				13CC8CCC1EB213B200F7B74A /* Assets.xcassets in Resources */,
				137BDBD71EE6563F0069BB7A /* images.jpeg in Resources */,
			);
			runOnlyForDeploymentPostprocessing = 0;
		};
/* End PBXResourcesBuildPhase section */

/* Begin PBXShellScriptBuildPhase section */
		5E5FE4DDE3EED5D62D1CDE4D /* [CP] Copy Pods Resources */ = {
			isa = PBXShellScriptBuildPhase;
			buildActionMask = 2147483647;
			files = (
			);
			inputPaths = (
			);
			name = "[CP] Copy Pods Resources";
			outputPaths = (
			);
			runOnlyForDeploymentPostprocessing = 0;
			shellPath = /bin/sh;
			shellScript = "\"${SRCROOT}/Pods/Target Support Files/Pods-ExchangeTable/Pods-ExchangeTable-resources.sh\"\n";
			showEnvVarsInLog = 0;
		};
		995C12D42A73769F09E4C513 /* [CP] Embed Pods Frameworks */ = {
			isa = PBXShellScriptBuildPhase;
			buildActionMask = 2147483647;
			files = (
			);
			inputPaths = (
			);
			name = "[CP] Embed Pods Frameworks";
			outputPaths = (
			);
			runOnlyForDeploymentPostprocessing = 0;
			shellPath = /bin/sh;
			shellScript = "\"${SRCROOT}/Pods/Target Support Files/Pods-ExchangeTable/Pods-ExchangeTable-frameworks.sh\"\n";
			showEnvVarsInLog = 0;
		};
		C337B0BBBA97B3F1D7081AFA /* [CP] Check Pods Manifest.lock */ = {
			isa = PBXShellScriptBuildPhase;
			buildActionMask = 2147483647;
			files = (
			);
			inputPaths = (
			);
			name = "[CP] Check Pods Manifest.lock";
			outputPaths = (
			);
			runOnlyForDeploymentPostprocessing = 0;
			shellPath = /bin/sh;
			shellScript = "diff \"${PODS_PODFILE_DIR_PATH}/Podfile.lock\" \"${PODS_ROOT}/Manifest.lock\" > /dev/null\nif [ $? != 0 ] ; then\n    # print error to STDERR\n    echo \"error: The sandbox is not in sync with the Podfile.lock. Run 'pod install' or update your CocoaPods installation.\" >&2\n    exit 1\nfi\n";
			showEnvVarsInLog = 0;
		};
/* End PBXShellScriptBuildPhase section */

/* Begin PBXSourcesBuildPhase section */
		13CC8CB81EB213B200F7B74A /* Sources */ = {
			isa = PBXSourcesBuildPhase;
			buildActionMask = 2147483647;
			files = (
				13C916E21EB8B5C6009E1CD3 /* CellController.m in Sources */,
				13CC8CC41EB213B200F7B74A /* AppDelegate.m in Sources */,
				EC99C9441EB5DA68007333F6 /* Note.m in Sources */,
				13CC8CC11EB213B200F7B74A /* main.m in Sources */,
				13E813B51EE15EBF0045DAF5 /* CatchTheModel.m in Sources */,
				13CC8CD81EB2174E00F7B74A /* TableOne.m in Sources */,
				EC6607191EBA1B800098D625 /* MessageViewController.m in Sources */,
				1301A2801EC5959C0031A251 /* UploadTable.m in Sources */,
				1300E3B11EBB589B00714C64 /* TheModel.m in Sources */,
				13E4F9AC1ED46032007F2125 /* HistoryListCellController.m in Sources */,
				13E4F9A91ED45CF0007F2125 /* HistoryList.m in Sources */,
				13B4C4761EC496D200F4F254 /* MessageCellController.m in Sources */,
				137BDBDC1EE6AA680069BB7A /* DeleteModel.m in Sources */,
			);
			runOnlyForDeploymentPostprocessing = 0;
		};
/* End PBXSourcesBuildPhase section */

/* Begin PBXVariantGroup section */
		13CC8CCD1EB213B200F7B74A /* LaunchScreen.storyboard */ = {
			isa = PBXVariantGroup;
			children = (
				13CC8CCE1EB213B200F7B74A /* Base */,
			);
			name = LaunchScreen.storyboard;
			sourceTree = "<group>";
		};
/* End PBXVariantGroup section */

/* Begin XCBuildConfiguration section */
		13CC8CD11EB213B200F7B74A /* Debug */ = {
			isa = XCBuildConfiguration;
			buildSettings = {
				ALWAYS_SEARCH_USER_PATHS = NO;
				CLANG_ANALYZER_NONNULL = YES;
				CLANG_CXX_LANGUAGE_STANDARD = "gnu++0x";
				CLANG_CXX_LIBRARY = "libc++";
				CLANG_ENABLE_MODULES = YES;
				CLANG_ENABLE_OBJC_ARC = YES;
				CLANG_WARN_BOOL_CONVERSION = YES;
				CLANG_WARN_CONSTANT_CONVERSION = YES;
				CLANG_WARN_DIRECT_OBJC_ISA_USAGE = YES_ERROR;
				CLANG_WARN_DOCUMENTATION_COMMENTS = YES;
				CLANG_WARN_EMPTY_BODY = YES;
				CLANG_WARN_ENUM_CONVERSION = YES;
				CLANG_WARN_INFINITE_RECURSION = YES;
				CLANG_WARN_INT_CONVERSION = YES;
				CLANG_WARN_OBJC_ROOT_CLASS = YES_ERROR;
				CLANG_WARN_SUSPICIOUS_MOVE = YES;
				CLANG_WARN_UNREACHABLE_CODE = YES;
				CLANG_WARN__DUPLICATE_METHOD_MATCH = YES;
				"CODE_SIGN_IDENTITY[sdk=iphoneos*]" = "iPhone Developer";
				COPY_PHASE_STRIP = NO;
				DEBUG_INFORMATION_FORMAT = dwarf;
				ENABLE_STRICT_OBJC_MSGSEND = YES;
				ENABLE_TESTABILITY = YES;
				GCC_C_LANGUAGE_STANDARD = gnu99;
				GCC_DYNAMIC_NO_PIC = NO;
				GCC_NO_COMMON_BLOCKS = YES;
				GCC_OPTIMIZATION_LEVEL = 0;
				GCC_PREPROCESSOR_DEFINITIONS = (
					"DEBUG=1",
					"$(inherited)",
				);
				GCC_WARN_64_TO_32_BIT_CONVERSION = YES;
				GCC_WARN_ABOUT_RETURN_TYPE = YES_ERROR;
				GCC_WARN_UNDECLARED_SELECTOR = YES;
				GCC_WARN_UNINITIALIZED_AUTOS = YES_AGGRESSIVE;
				GCC_WARN_UNUSED_FUNCTION = YES;
				GCC_WARN_UNUSED_VARIABLE = YES;
				IPHONEOS_DEPLOYMENT_TARGET = 10.2;
				MTL_ENABLE_DEBUG_INFO = YES;
				ONLY_ACTIVE_ARCH = YES;
				SDKROOT = iphoneos;
				TARGETED_DEVICE_FAMILY = "1,2";
				VALID_ARCHS = "arm64 armv7";
			};
			name = Debug;
		};
		13CC8CD21EB213B200F7B74A /* Release */ = {
			isa = XCBuildConfiguration;
			buildSettings = {
				ALWAYS_SEARCH_USER_PATHS = NO;
				CLANG_ANALYZER_NONNULL = YES;
				CLANG_CXX_LANGUAGE_STANDARD = "gnu++0x";
				CLANG_CXX_LIBRARY = "libc++";
				CLANG_ENABLE_MODULES = YES;
				CLANG_ENABLE_OBJC_ARC = YES;
				CLANG_WARN_BOOL_CONVERSION = YES;
				CLANG_WARN_CONSTANT_CONVERSION = YES;
				CLANG_WARN_DIRECT_OBJC_ISA_USAGE = YES_ERROR;
				CLANG_WARN_DOCUMENTATION_COMMENTS = YES;
				CLANG_WARN_EMPTY_BODY = YES;
				CLANG_WARN_ENUM_CONVERSION = YES;
				CLANG_WARN_INFINITE_RECURSION = YES;
				CLANG_WARN_INT_CONVERSION = YES;
				CLANG_WARN_OBJC_ROOT_CLASS = YES_ERROR;
				CLANG_WARN_SUSPICIOUS_MOVE = YES;
				CLANG_WARN_UNREACHABLE_CODE = YES;
				CLANG_WARN__DUPLICATE_METHOD_MATCH = YES;
				"CODE_SIGN_IDENTITY[sdk=iphoneos*]" = "iPhone Developer";
				COPY_PHASE_STRIP = NO;
				DEBUG_INFORMATION_FORMAT = "dwarf-with-dsym";
				ENABLE_NS_ASSERTIONS = NO;
				ENABLE_STRICT_OBJC_MSGSEND = YES;
				GCC_C_LANGUAGE_STANDARD = gnu99;
				GCC_NO_COMMON_BLOCKS = YES;
				GCC_WARN_64_TO_32_BIT_CONVERSION = YES;
				GCC_WARN_ABOUT_RETURN_TYPE = YES_ERROR;
				GCC_WARN_UNDECLARED_SELECTOR = YES;
				GCC_WARN_UNINITIALIZED_AUTOS = YES_AGGRESSIVE;
				GCC_WARN_UNUSED_FUNCTION = YES;
				GCC_WARN_UNUSED_VARIABLE = YES;
				IPHONEOS_DEPLOYMENT_TARGET = 10.2;
				MTL_ENABLE_DEBUG_INFO = NO;
				SDKROOT = iphoneos;
				TARGETED_DEVICE_FAMILY = "1,2";
				VALIDATE_PRODUCT = YES;
				VALID_ARCHS = "arm64 armv7";
			};
			name = Release;
		};
		13CC8CD41EB213B200F7B74A /* Debug */ = {
			isa = XCBuildConfiguration;
			baseConfigurationReference = B0232556F6289BBDFD81FAF0 /* Pods-ExchangeTable.debug.xcconfig */;
			buildSettings = {
				ASSETCATALOG_COMPILER_APPICON_NAME = AppIcon;
				DEVELOPMENT_TEAM = 2QP22QTHNQ;
				FRAMEWORK_SEARCH_PATHS = (
					"$(inherited)",
					"$(PROJECT_DIR)/ExchangeTable/framework",
				);
				INFOPLIST_FILE = ExchangeTable/Info.plist;
				IPHONEOS_DEPLOYMENT_TARGET = 10.3;
				LD_RUNPATH_SEARCH_PATHS = "$(inherited) @executable_path/Frameworks";
				OTHER_LDFLAGS = "-Objc";
				PRODUCT_BUNDLE_IDENTIFIER = com.www.ExchangeTable;
				PRODUCT_NAME = "$(TARGET_NAME)";
				TARGETED_DEVICE_FAMILY = "1,2";
				VALID_ARCHS = "arm64 armv7";
			};
			name = Debug;
		};
		13CC8CD51EB213B200F7B74A /* Release */ = {
			isa = XCBuildConfiguration;
			baseConfigurationReference = D4075FF0B4827009C67E655B /* Pods-ExchangeTable.release.xcconfig */;
			buildSettings = {
				ASSETCATALOG_COMPILER_APPICON_NAME = AppIcon;
				DEVELOPMENT_TEAM = 2QP22QTHNQ;
				FRAMEWORK_SEARCH_PATHS = (
					"$(inherited)",
					"$(PROJECT_DIR)/ExchangeTable/framework",
				);
				INFOPLIST_FILE = ExchangeTable/Info.plist;
				IPHONEOS_DEPLOYMENT_TARGET = 10.3;
				LD_RUNPATH_SEARCH_PATHS = "$(inherited) @executable_path/Frameworks";
				OTHER_LDFLAGS = "-Objc";
				PRODUCT_BUNDLE_IDENTIFIER = com.www.ExchangeTable;
				PRODUCT_NAME = "$(TARGET_NAME)";
				TARGETED_DEVICE_FAMILY = "1,2";
				VALID_ARCHS = "arm64 armv7";
			};
			name = Release;
		};
/* End XCBuildConfiguration section */

/* Begin XCConfigurationList section */
		13CC8CB71EB213B200F7B74A /* Build configuration list for PBXProject "ExchangeTable" */ = {
			isa = XCConfigurationList;
			buildConfigurations = (
				13CC8CD11EB213B200F7B74A /* Debug */,
				13CC8CD21EB213B200F7B74A /* Release */,
			);
			defaultConfigurationIsVisible = 0;
			defaultConfigurationName = Release;
		};
		13CC8CD31EB213B200F7B74A /* Build configuration list for PBXNativeTarget "ExchangeTable" */ = {
			isa = XCConfigurationList;
			buildConfigurations = (
				13CC8CD41EB213B200F7B74A /* Debug */,
				13CC8CD51EB213B200F7B74A /* Release */,
			);
			defaultConfigurationIsVisible = 0;
			defaultConfigurationName = Release;
		};
/* End XCConfigurationList section */
	};
	rootObject = 13CC8CB41EB213B200F7B74A /* Project object */;
}
